// !$*UTF8*$!
{
	archiveVersion = 1;
	classes = {
	};
	objectVersion = 46;
	objects = {

/* Begin PBXBuildFile section */
		5B64532415B56BA60069D4A8 /* UIKit.framework in Frameworks */ = {isa = PBXBuildFile; fileRef = 5B64532315B56BA60069D4A8 /* UIKit.framework */; };
		5B64532615B56BA60069D4A8 /* Foundation.framework in Frameworks */ = {isa = PBXBuildFile; fileRef = 5B64532515B56BA60069D4A8 /* Foundation.framework */; };
		5B64532815B56BA60069D4A8 /* CoreGraphics.framework in Frameworks */ = {isa = PBXBuildFile; fileRef = 5B64532715B56BA60069D4A8 /* CoreGraphics.framework */; };
		5B64532E15B56BA60069D4A8 /* InfoPlist.strings in Resources */ = {isa = PBXBuildFile; fileRef = 5B64532C15B56BA60069D4A8 /* InfoPlist.strings */; };
		5B64533015B56BA60069D4A8 /* main.m in Sources */ = {isa = PBXBuildFile; fileRef = 5B64532F15B56BA60069D4A8 /* main.m */; };
		5B64533415B56BA60069D4A8 /* HappinessAppDelegate.m in Sources */ = {isa = PBXBuildFile; fileRef = 5B64533315B56BA60069D4A8 /* HappinessAppDelegate.m */; };
		5B64533715B56BA60069D4A8 /* MainStoryboard.storyboard in Resources */ = {isa = PBXBuildFile; fileRef = 5B64533515B56BA60069D4A8 /* MainStoryboard.storyboard */; };
		5B64533A15B56BA60069D4A8 /* HappinessViewController.m in Sources */ = {isa = PBXBuildFile; fileRef = 5B64533915B56BA60069D4A8 /* HappinessViewController.m */; };
/* End PBXBuildFile section */

/* Begin PBXFileReference section */
		5B64531F15B56BA60069D4A8 /* Happiness.app */ = {isa = PBXFileReference; explicitFileType = wrapper.application; includeInIndex = 0; path = Happiness.app; sourceTree = BUILT_PRODUCTS_DIR; };
		5B64532315B56BA60069D4A8 /* UIKit.framework */ = {isa = PBXFileReference; lastKnownFileType = wrapper.framework; name = UIKit.framework; path = System/Library/Frameworks/UIKit.framework; sourceTree = SDKROOT; };
		5B64532515B56BA60069D4A8 /* Foundation.framework */ = {isa = PBXFileReference; lastKnownFileType = wrapper.framework; name = Foundation.framework; path = System/Library/Frameworks/Foundation.framework; sourceTree = SDKROOT; };
		5B64532715B56BA60069D4A8 /* CoreGraphics.framework */ = {isa = PBXFileReference; lastKnownFileType = wrapper.framework; name = CoreGraphics.framework; path = System/Library/Frameworks/CoreGraphics.framework; sourceTree = SDKROOT; };
		5B64532B15B56BA60069D4A8 /* Happiness-Info.plist */ = {isa = PBXFileReference; path = "Happiness-Info.plist"; sourceTree = "<group>"; };
		5B64532D15B56BA60069D4A8 /* en */ = {isa = PBXFileReference; lastKnownFileType = text.plist.strings; name = en; path = en.lproj/InfoPlist.strings; sourceTree = "<group>"; };
		5B64532F15B56BA60069D4A8 /* main.m */ = {isa = PBXFileReference; lastKnownFileType = sourcecode.c.objc; path = main.m; sourceTree = "<group>"; };
		5B64533115B56BA60069D4A8 /* Happiness-Prefix.pch */ = {isa = PBXFileReference; path = "Happiness-Prefix.pch"; sourceTree = "<group>"; };
		5B64533215B56BA60069D4A8 /* HappinessAppDelegate.h */ = {isa = PBXFileReference; path = HappinessAppDelegate.h; sourceTree = "<group>"; };
		5B64533315B56BA60069D4A8 /* HappinessAppDelegate.m */ = {isa = PBXFileReference; lastKnownFileType = sourcecode.c.objc; path = HappinessAppDelegate.m; sourceTree = "<group>"; };
		5B64533615B56BA60069D4A8 /* en */ = {isa = PBXFileReference; lastKnownFileType = file.storyboard; name = en; path = en.lproj/MainStoryboard.storyboard; sourceTree = "<group>"; };
		5B64533815B56BA60069D4A8 /* HappinessViewController.h */ = {isa = PBXFileReference; path = HappinessViewController.h; sourceTree = "<group>"; };
		5B64533915B56BA60069D4A8 /* HappinessViewController.m */ = {isa = PBXFileReference; lastKnownFileType = sourcecode.c.objc; path = HappinessViewController.m; sourceTree = "<group>"; };
/* End PBXFileReference section */

/* Begin PBXFrameworksBuildPhase section */
		5B64531C15B56BA60069D4A8 /* Frameworks */ = {
			isa = PBXFrameworksBuildPhase;
			buildActionMask = 2147483647;
			files = (
				5B64532415B56BA60069D4A8 /* UIKit.framework in Frameworks */,
				5B64532615B56BA60069D4A8 /* Foundation.framework in Frameworks */,
				5B64532815B56BA60069D4A8 /* CoreGraphics.framework in Frameworks */,
			);
			runOnlyForDeploymentPostprocessing = 0;
		};
/* End PBXFrameworksBuildPhase section */

/* Begin PBXGroup section */
		5B64531415B56BA60069D4A8 = {
			isa = PBXGroup;
			children = (
				5B64532915B56BA60069D4A8 /* Happiness */,
				5B64532215B56BA60069D4A8 /* Frameworks */,
				5B64532015B56BA60069D4A8 /* Products */,
			);
			sourceTree = "<group>";
		};
		5B64532015B56BA60069D4A8 /* Products */ = {
			isa = PBXGroup;
			children = (
				5B64531F15B56BA60069D4A8 /* Happiness.app */,
			);
			name = Products;
			sourceTree = "<group>";
		};
		5B64532215B56BA60069D4A8 /* Frameworks */ = {
			isa = PBXGroup;
			children = (
				5B64532315B56BA60069D4A8 /* UIKit.framework */,
				5B64532515B56BA60069D4A8 /* Foundation.framework */,
				5B64532715B56BA60069D4A8 /* CoreGraphics.framework */,
			);
			name = Frameworks;
			sourceTree = "<group>";
		};
		5B64532915B56BA60069D4A8 /* Happiness */ = {
			isa = PBXGroup;
			children = (
				5B64533215B56BA60069D4A8 /* HappinessAppDelegate.h */,
				5B64533315B56BA60069D4A8 /* HappinessAppDelegate.m */,
				5B64533515B56BA60069D4A8 /* MainStoryboard.storyboard */,
				5B64533815B56BA60069D4A8 /* HappinessViewController.h */,
				5B64533915B56BA60069D4A8 /* HappinessViewController.m */,
				5B64532A15B56BA60069D4A8 /* Supporting Files */,
			);
			path = Happiness;
			sourceTree = "<group>";
		};
		5B64532A15B56BA60069D4A8 /* Supporting Files */ = {
			isa = PBXGroup;
			children = (
				5B64532B15B56BA60069D4A8 /* Happiness-Info.plist */,
				5B64532C15B56BA60069D4A8 /* InfoPlist.strings */,
				5B64532F15B56BA60069D4A8 /* main.m */,
				5B64533115B56BA60069D4A8 /* Happiness-Prefix.pch */,
			);
			name = "Supporting Files";
			sourceTree = "<group>";
		};
/* End PBXGroup section */

/* Begin PBXNativeTarget section */
		5B64531E15B56BA60069D4A8 /* Happiness */ = {
			isa = PBXNativeTarget;
			buildConfigurationList = 5B64533D15B56BA60069D4A8 /* Build configuration list for PBXNativeTarget "Happiness" */;
			buildPhases = (
				5B64531B15B56BA60069D4A8 /* Sources */,
				5B64531C15B56BA60069D4A8 /* Frameworks */,
				5B64531D15B56BA60069D4A8 /* Resources */,
			);
			buildRules = (
			);
			dependencies = (
			);
			name = Happiness;
			productName = Happiness;
			productReference = 5B64531F15B56BA60069D4A8 /* Happiness.app */;
			productType = "com.apple.product-type.application";
		};
/* End PBXNativeTarget section */

/* Begin PBXProject section */
		5B64531615B56BA60069D4A8 /* Project object */ = {
			isa = PBXProject;
			attributes = {
				CLASSPREFIX = Happiness;
				LastUpgradeCheck = 0430;
				ORGANIZATIONNAME = m2m;
			};
			buildConfigurationList = 5B64531915B56BA60069D4A8 /* Build configuration list for PBXProject "Happiness" */;
			compatibilityVersion = "Xcode 3.2";
			developmentRegion = English;
			hasScannedForEncodings = 0;
			knownRegions = (
				en,
			);
			mainGroup = 5B64531415B56BA60069D4A8;
			productRefGroup = 5B64532015B56BA60069D4A8 /* Products */;
			projectDirPath = "";
			projectRoot = "";
			targets = (
				5B64531E15B56BA60069D4A8 /* Happiness */,
			);
		};
/* End PBXProject section */

/* Begin PBXResourcesBuildPhase section */
		5B64531D15B56BA60069D4A8 /* Resources */ = {
			isa = PBXResourcesBuildPhase;
			buildActionMask = 2147483647;
			files = (
				5B64532E15B56BA60069D4A8 /* InfoPlist.strings in Resources */,
				5B64533715B56BA60069D4A8 /* MainStoryboard.storyboard in Resources */,
			);
			runOnlyForDeploymentPostprocessing = 0;
		};
/* End PBXResourcesBuildPhase section */

/* Begin PBXSourcesBuildPhase section */
		5B64531B15B56BA60069D4A8 /* Sources */ = {
			isa = PBXSourcesBuildPhase;
			buildActionMask = 2147483647;
			files = (
				5B64533015B56BA60069D4A8 /* main.m in Sources */,
				5B64533415B56BA60069D4A8 /* HappinessAppDelegate.m in Sources */,
				5B64533A15B56BA60069D4A8 /* HappinessViewController.m in Sources */,
			);
			runOnlyForDeploymentPostprocessing = 0;
		};
/* End PBXSourcesBuildPhase section */

/* Begin PBXVariantGroup section */
		5B64532C15B56BA60069D4A8 /* InfoPlist.strings */ = {
			isa = PBXVariantGroup;
			children = (
				5B64532D15B56BA60069D4A8 /* en */,
			);
			name = InfoPlist.strings;
			sourceTree = "<group>";
		};
		5B64533515B56BA60069D4A8 /* MainStoryboard.storyboard */ = {
			isa = PBXVariantGroup;
			children = (
				5B64533615B56BA60069D4A8 /* en */,
			);
			name = MainStoryboard.storyboard;
			sourceTree = "<group>";
		};
/* End PBXVariantGroup section */

/* Begin XCBuildConfiguration section */
		5B64533B15B56BA60069D4A8 /* Debug */ = {
			isa = XCBuildConfiguration;
			buildSettings = {
				ALWAYS_SEARCH_USER_PATHS = NO;
				ARCHS = "$(ARCHS_STANDARD_32_BIT)";
				CLANG_ENABLE_OBJC_ARC = YES;
				"CODE_SIGN_IDENTITY[sdk=iphoneos*]" = "iPhone Developer";
				COPY_PHASE_STRIP = NO;
				GCC_C_LANGUAGE_STANDARD = gnu99;
				GCC_DYNAMIC_NO_PIC = NO;
				GCC_OPTIMIZATION_LEVEL = 0;
				GCC_PREPROCESSOR_DEFINITIONS = (
					"DEBUG=1",
					"$(inherited)",
				);
				GCC_SYMBOLS_PRIVATE_EXTERN = NO;
				GCC_VERSION = com.apple.compilers.llvm.clang.1_0;
				GCC_WARN_ABOUT_RETURN_TYPE = YES;
				GCC_WARN_UNINITIALIZED_AUTOS = YES;
				GCC_WARN_UNUSED_VARIABLE = YES;
				IPHONEOS_DEPLOYMENT_TARGET = 5.1;
				SDKROOT = iphoneos;
			};
			name = Debug;
		};
		5B64533C15B56BA60069D4A8 /* Release */ = {
			isa = XCBuildConfiguration;
			buildSettings = {
				ALWAYS_SEARCH_USER_PATHS = NO;
				ARCHS = "$(ARCHS_STANDARD_32_BIT)";
				CLANG_ENABLE_OBJC_ARC = YES;
				"CODE_SIGN_IDENTITY[sdk=iphoneos*]" = "iPhone Developer";
				COPY_PHASE_STRIP = YES;
				GCC_C_LANGUAGE_STANDARD = gnu99;
				GCC_VERSION = com.apple.compilers.llvm.clang.1_0;
				GCC_WARN_ABOUT_RETURN_TYPE = YES;
				GCC_WARN_UNINITIALIZED_AUTOS = YES;
				GCC_WARN_UNUSED_VARIABLE = YES;
				IPHONEOS_DEPLOYMENT_TARGET = 5.1;
				OTHER_CFLAGS = "-DNS_BLOCK_ASSERTIONS=1";
				SDKROOT = iphoneos;
				VALIDATE_PRODUCT = YES;
			};
			name = Release;
		};
		5B64533E15B56BA60069D4A8 /* Debug */ = {
			isa = XCBuildConfiguration;
			buildSettings = {
				GCC_PRECOMPILE_PREFIX_HEADER = YES;
				GCC_PREFIX_HEADER = "Happiness/Happiness-Prefix.pch";
				INFOPLIST_FILE = "Happiness/Happiness-Info.plist";
				PRODUCT_NAME = "$(TARGET_NAME)";
				WRAPPER_EXTENSION = app;
			};
			name = Debug;
		};
		5B64533F15B56BA60069D4A8 /* Release */ = {
			isa = XCBuildConfiguration;
			buildSettings = {
				GCC_PRECOMPILE_PREFIX_HEADER = YES;
				GCC_PREFIX_HEADER = "Happiness/Happiness-Prefix.pch";
				INFOPLIST_FILE = "Happiness/Happiness-Info.plist";
				PRODUCT_NAME = "$(TARGET_NAME)";
				WRAPPER_EXTENSION = app;
			};
			name = Release;
		};
/* End XCBuildConfiguration section */

/* Begin XCConfigurationList section */
		5B64531915B56BA60069D4A8 /* Build configuration list for PBXProject "Happiness" */ = {
			isa = XCConfigurationList;
			buildConfigurations = (
				5B64533B15B56BA60069D4A8 /* Debug */,
				5B64533C15B56BA60069D4A8 /* Release */,
			);
			defaultConfigurationIsVisible = 0;
			defaultConfigurationName = Release;
		};
		5B64533D15B56BA60069D4A8 /* Build configuration list for PBXNativeTarget "Happiness" */ = {
			isa = XCConfigurationList;
			buildConfigurations = (
				5B64533E15B56BA60069D4A8 /* Debug */,
				5B64533F15B56BA60069D4A8 /* Release */,
			);
			defaultConfigurationIsVisible = 0;
		};
/* End XCConfigurationList section */
	};
	rootObject = 5B64531615B56BA60069D4A8 /* Project object */;
}
